
Microsoft Visual Studio Solution File, Format Version 12.00
# Visual Studio Version 17
VisualStudioVersion = 17.8.34511.84
MinimumVisualStudioVersion = 10.0.40219.1
Project("{9A19103F-16F7-4668-BE54-9A1E7A4F7556}") = "Degiskenler", "Degiskenler\Degiskenler.csproj", "{9617DC63-FC45-4D58-A08C-FB22E7CFFBA3}"
EndProject
Project("{9A19103F-16F7-4668-BE54-9A1E7A4F7556}") = "Operatorler", "Operatorler\Operatorler.csproj", "{5A9D8D0D-0821-4877-9723-BCCAF5C4B03D}"
EndProject
Project("{9A19103F-16F7-4668-BE54-9A1E7A4F7556}") = "TipDonusumleri", "TipDonusumleri\TipDonusumleri.csproj", "{BC17CEDC-8074-4AC0-AC40-74AFC5F64A57}"
EndProject
Project("{9A19103F-16F7-4668-BE54-9A1E7A4F7556}") = "HataYonetimi", "HataYonetimi\HataYonetimi.csproj", "{0B5AC7D8-C65B-4899-A088-3D55B237F749}"
EndProject
Project("{9A19103F-16F7-4668-BE54-9A1E7A4F7556}") = "KosulluYapilar", "KosulluYapilar\KosulluYapilar.csproj", "{588673DD-4F9A-445E-A89D-1155C3D893C6}"
EndProject
Project("{9A19103F-16F7-4668-BE54-9A1E7A4F7556}") = "KosulluYapilar2", "KosulluYapilar2\KosulluYapilar2.csproj", "{A2B4AD5E-E0DF-4707-B1E7-4543B3E41336}"
EndProject
Project("{9A19103F-16F7-4668-BE54-9A1E7A4F7556}") = "Donguler", "Donguler\Donguler.csproj", "{0ACE2898-1666-46B1-8C2E-1E5A72C78CE4}"
EndProject
Project("{9A19103F-16F7-4668-BE54-9A1E7A4F7556}") = "Donguler2", "Donguler2\Donguler2.csproj", "{67BBE599-1440-46CF-882A-0E3FE2A8A7AC}"
EndProject
Project("{9A19103F-16F7-4668-BE54-9A1E7A4F7556}") = "Diziler", "Diziler\Diziler.csproj", "{B7FF4486-A83C-4B20-A6C3-93CF3C62034F}"
EndProject
Project("{9A19103F-16F7-4668-BE54-9A1E7A4F7556}") = "DiziMetotlari", "DiziMetotlari\DiziMetotlari.csproj", "{775B2EF3-6B35-4571-9B5B-6E58418A17FA}"
EndProject
Project("{9A19103F-16F7-4668-BE54-9A1E7A4F7556}") = "Metotlar", "Metotlar\Metotlar.csproj", "{E6483B36-9569-44C7-9DEE-6DB56C58B0C3}"
EndProject
Project("{9A19103F-16F7-4668-BE54-9A1E7A4F7556}") = "MetotOverloading", "MetotOverloading\MetotOverloading.csproj", "{0ED4F4B9-91CC-4CD0-BB1A-30E686ABDA73}"
EndProject
Project("{9A19103F-16F7-4668-BE54-9A1E7A4F7556}") = "RecursiveExtensionMetotlar", "RecursiveExtensionMetotlar\RecursiveExtensionMetotlar.csproj", "{2BAE81F0-ACBC-4226-9A75-3F4C91FCE792}"
EndProject
Project("{9A19103F-16F7-4668-BE54-9A1E7A4F7556}") = "Odev1", "Odev1\Odev1.csproj", "{AE1EF71F-1866-4207-B1EB-676D3AD2E35C}"
EndProject
Project("{9A19103F-16F7-4668-BE54-9A1E7A4F7556}") = "StringHazirMetotlar", "StringHazirMetotlar\StringHazirMetotlar.csproj", "{EF728C19-5A96-498A-8E99-A588FAB234EB}"
EndProject
Project("{FAE04EC0-301F-11D3-BF4B-00C04F79EFBC}") = "DateTimeMathHazirMetotlar", "DateTimeMathHazirMetotlar\DateTimeMathHazirMetotlar.csproj", "{69D21C63-D1C2-447F-8DD2-AA88DDBB1F5A}"
EndProject
Project("{FAE04EC0-301F-11D3-BF4B-00C04F79EFBC}") = "GenericList", "GenericList\GenericList.csproj", "{8F298082-A866-4036-A992-1DB772CEF0CC}"
EndProject
Global
	GlobalSection(SolutionConfigurationPlatforms) = preSolution
		Debug|Any CPU = Debug|Any CPU
		Release|Any CPU = Release|Any CPU
	EndGlobalSection
	GlobalSection(ProjectConfigurationPlatforms) = postSolution
		{9617DC63-FC45-4D58-A08C-FB22E7CFFBA3}.Debug|Any CPU.ActiveCfg = Debug|Any CPU
		{9617DC63-FC45-4D58-A08C-FB22E7CFFBA3}.Debug|Any CPU.Build.0 = Debug|Any CPU
		{9617DC63-FC45-4D58-A08C-FB22E7CFFBA3}.Release|Any CPU.ActiveCfg = Release|Any CPU
		{9617DC63-FC45-4D58-A08C-FB22E7CFFBA3}.Release|Any CPU.Build.0 = Release|Any CPU
		{5A9D8D0D-0821-4877-9723-BCCAF5C4B03D}.Debug|Any CPU.ActiveCfg = Debug|Any CPU
		{5A9D8D0D-0821-4877-9723-BCCAF5C4B03D}.Debug|Any CPU.Build.0 = Debug|Any CPU
		{5A9D8D0D-0821-4877-9723-BCCAF5C4B03D}.Release|Any CPU.ActiveCfg = Release|Any CPU
		{5A9D8D0D-0821-4877-9723-BCCAF5C4B03D}.Release|Any CPU.Build.0 = Release|Any CPU
		{BC17CEDC-8074-4AC0-AC40-74AFC5F64A57}.Debug|Any CPU.ActiveCfg = Debug|Any CPU
		{BC17CEDC-8074-4AC0-AC40-74AFC5F64A57}.Debug|Any CPU.Build.0 = Debug|Any CPU
		{BC17CEDC-8074-4AC0-AC40-74AFC5F64A57}.Release|Any CPU.ActiveCfg = Release|Any CPU
		{BC17CEDC-8074-4AC0-AC40-74AFC5F64A57}.Release|Any CPU.Build.0 = Release|Any CPU
		{0B5AC7D8-C65B-4899-A088-3D55B237F749}.Debug|Any CPU.ActiveCfg = Debug|Any CPU
		{0B5AC7D8-C65B-4899-A088-3D55B237F749}.Debug|Any CPU.Build.0 = Debug|Any CPU
		{0B5AC7D8-C65B-4899-A088-3D55B237F749}.Release|Any CPU.ActiveCfg = Release|Any CPU
		{0B5AC7D8-C65B-4899-A088-3D55B237F749}.Release|Any CPU.Build.0 = Release|Any CPU
		{588673DD-4F9A-445E-A89D-1155C3D893C6}.Debug|Any CPU.ActiveCfg = Debug|Any CPU
		{588673DD-4F9A-445E-A89D-1155C3D893C6}.Debug|Any CPU.Build.0 = Debug|Any CPU
		{588673DD-4F9A-445E-A89D-1155C3D893C6}.Release|Any CPU.ActiveCfg = Release|Any CPU
		{588673DD-4F9A-445E-A89D-1155C3D893C6}.Release|Any CPU.Build.0 = Release|Any CPU
		{A2B4AD5E-E0DF-4707-B1E7-4543B3E41336}.Debug|Any CPU.ActiveCfg = Debug|Any CPU
		{A2B4AD5E-E0DF-4707-B1E7-4543B3E41336}.Debug|Any CPU.Build.0 = Debug|Any CPU
		{A2B4AD5E-E0DF-4707-B1E7-4543B3E41336}.Release|Any CPU.ActiveCfg = Release|Any CPU
		{A2B4AD5E-E0DF-4707-B1E7-4543B3E41336}.Release|Any CPU.Build.0 = Release|Any CPU
		{0ACE2898-1666-46B1-8C2E-1E5A72C78CE4}.Debug|Any CPU.ActiveCfg = Debug|Any CPU
		{0ACE2898-1666-46B1-8C2E-1E5A72C78CE4}.Debug|Any CPU.Build.0 = Debug|Any CPU
		{0ACE2898-1666-46B1-8C2E-1E5A72C78CE4}.Release|Any CPU.ActiveCfg = Release|Any CPU
		{0ACE2898-1666-46B1-8C2E-1E5A72C78CE4}.Release|Any CPU.Build.0 = Release|Any CPU
		{67BBE599-1440-46CF-882A-0E3FE2A8A7AC}.Debug|Any CPU.ActiveCfg = Debug|Any CPU
		{67BBE599-1440-46CF-882A-0E3FE2A8A7AC}.Debug|Any CPU.Build.0 = Debug|Any CPU
		{67BBE599-1440-46CF-882A-0E3FE2A8A7AC}.Release|Any CPU.ActiveCfg = Release|Any CPU
		{67BBE599-1440-46CF-882A-0E3FE2A8A7AC}.Release|Any CPU.Build.0 = Release|Any CPU
		{B7FF4486-A83C-4B20-A6C3-93CF3C62034F}.Debug|Any CPU.ActiveCfg = Debug|Any CPU
		{B7FF4486-A83C-4B20-A6C3-93CF3C62034F}.Debug|Any CPU.Build.0 = Debug|Any CPU
		{B7FF4486-A83C-4B20-A6C3-93CF3C62034F}.Release|Any CPU.ActiveCfg = Release|Any CPU
		{B7FF4486-A83C-4B20-A6C3-93CF3C62034F}.Release|Any CPU.Build.0 = Release|Any CPU
		{775B2EF3-6B35-4571-9B5B-6E58418A17FA}.Debug|Any CPU.ActiveCfg = Debug|Any CPU
		{775B2EF3-6B35-4571-9B5B-6E58418A17FA}.Debug|Any CPU.Build.0 = Debug|Any CPU
		{775B2EF3-6B35-4571-9B5B-6E58418A17FA}.Release|Any CPU.ActiveCfg = Release|Any CPU
		{775B2EF3-6B35-4571-9B5B-6E58418A17FA}.Release|Any CPU.Build.0 = Release|Any CPU
		{E6483B36-9569-44C7-9DEE-6DB56C58B0C3}.Debug|Any CPU.ActiveCfg = Debug|Any CPU
		{E6483B36-9569-44C7-9DEE-6DB56C58B0C3}.Debug|Any CPU.Build.0 = Debug|Any CPU
		{E6483B36-9569-44C7-9DEE-6DB56C58B0C3}.Release|Any CPU.ActiveCfg = Release|Any CPU
		{E6483B36-9569-44C7-9DEE-6DB56C58B0C3}.Release|Any CPU.Build.0 = Release|Any CPU
		{0ED4F4B9-91CC-4CD0-BB1A-30E686ABDA73}.Debug|Any CPU.ActiveCfg = Debug|Any CPU
		{0ED4F4B9-91CC-4CD0-BB1A-30E686ABDA73}.Debug|Any CPU.Build.0 = Debug|Any CPU
		{0ED4F4B9-91CC-4CD0-BB1A-30E686ABDA73}.Release|Any CPU.ActiveCfg = Release|Any CPU
		{0ED4F4B9-91CC-4CD0-BB1A-30E686ABDA73}.Release|Any CPU.Build.0 = Release|Any CPU
		{2BAE81F0-ACBC-4226-9A75-3F4C91FCE792}.Debug|Any CPU.ActiveCfg = Debug|Any CPU
		{2BAE81F0-ACBC-4226-9A75-3F4C91FCE792}.Debug|Any CPU.Build.0 = Debug|Any CPU
		{2BAE81F0-ACBC-4226-9A75-3F4C91FCE792}.Release|Any CPU.ActiveCfg = Release|Any CPU
		{2BAE81F0-ACBC-4226-9A75-3F4C91FCE792}.Release|Any CPU.Build.0 = Release|Any CPU
		{AE1EF71F-1866-4207-B1EB-676D3AD2E35C}.Debug|Any CPU.ActiveCfg = Debug|Any CPU
		{AE1EF71F-1866-4207-B1EB-676D3AD2E35C}.Debug|Any CPU.Build.0 = Debug|Any CPU
		{AE1EF71F-1866-4207-B1EB-676D3AD2E35C}.Release|Any CPU.ActiveCfg = Release|Any CPU
		{AE1EF71F-1866-4207-B1EB-676D3AD2E35C}.Release|Any CPU.Build.0 = Release|Any CPU
		{EF728C19-5A96-498A-8E99-A588FAB234EB}.Debug|Any CPU.ActiveCfg = Debug|Any CPU
		{EF728C19-5A96-498A-8E99-A588FAB234EB}.Debug|Any CPU.Build.0 = Debug|Any CPU
		{EF728C19-5A96-498A-8E99-A588FAB234EB}.Release|Any CPU.ActiveCfg = Release|Any CPU
		{EF728C19-5A96-498A-8E99-A588FAB234EB}.Release|Any CPU.Build.0 = Release|Any CPU
		{69D21C63-D1C2-447F-8DD2-AA88DDBB1F5A}.Debug|Any CPU.ActiveCfg = Debug|Any CPU
		{69D21C63-D1C2-447F-8DD2-AA88DDBB1F5A}.Debug|Any CPU.Build.0 = Debug|Any CPU
		{69D21C63-D1C2-447F-8DD2-AA88DDBB1F5A}.Release|Any CPU.ActiveCfg = Release|Any CPU
		{69D21C63-D1C2-447F-8DD2-AA88DDBB1F5A}.Release|Any CPU.Build.0 = Release|Any CPU
		{8F298082-A866-4036-A992-1DB772CEF0CC}.Debug|Any CPU.ActiveCfg = Debug|Any CPU
		{8F298082-A866-4036-A992-1DB772CEF0CC}.Debug|Any CPU.Build.0 = Debug|Any CPU
		{8F298082-A866-4036-A992-1DB772CEF0CC}.Release|Any CPU.ActiveCfg = Release|Any CPU
		{8F298082-A866-4036-A992-1DB772CEF0CC}.Release|Any CPU.Build.0 = Release|Any CPU
	EndGlobalSection
	GlobalSection(SolutionProperties) = preSolution
		HideSolutionNode = FALSE
	EndGlobalSection
	GlobalSection(ExtensibilityGlobals) = postSolution
		SolutionGuid = {7C3B6AD1-8B79-4233-9E71-5959C481AE98}
	EndGlobalSection
EndGlobal
