
Microsoft Visual Studio Solution File, Format Version 12.00
# Visual Studio Version 17
VisualStudioVersion = 17.8.34511.84
MinimumVisualStudioVersion = 10.0.40219.1
Project("{9A19103F-16F7-4668-BE54-9A1E7A4F7556}") = "Degiskenler", "Degiskenler\Degiskenler.csproj", "{9617DC63-FC45-4D58-A08C-FB22E7CFFBA3}"
EndProject
Project("{9A19103F-16F7-4668-BE54-9A1E7A4F7556}") = "Operatorler", "Operatorler\Operatorler.csproj", "{5A9D8D0D-0821-4877-9723-BCCAF5C4B03D}"
EndProject
Project("{FAE04EC0-301F-11D3-BF4B-00C04F79EFBC}") = "TipDonusumleri", "TipDonusumleri\TipDonusumleri.csproj", "{BC17CEDC-8074-4AC0-AC40-74AFC5F64A57}"
EndProject
Project("{FAE04EC0-301F-11D3-BF4B-00C04F79EFBC}") = "HataYonetimi", "HataYonetimi\HataYonetimi.csproj", "{0B5AC7D8-C65B-4899-A088-3D55B237F749}"
EndProject
Project("{FAE04EC0-301F-11D3-BF4B-00C04F79EFBC}") = "KosulluYapilar", "KosulluYapilar\KosulluYapilar.csproj", "{588673DD-4F9A-445E-A89D-1155C3D893C6}"
EndProject
Project("{FAE04EC0-301F-11D3-BF4B-00C04F79EFBC}") = "KosulluYapilar2", "KosulluYapilar2\KosulluYapilar2.csproj", "{A2B4AD5E-E0DF-4707-B1E7-4543B3E41336}"
EndProject
Global
	GlobalSection(SolutionConfigurationPlatforms) = preSolution
		Debug|Any CPU = Debug|Any CPU
		Release|Any CPU = Release|Any CPU
	EndGlobalSection
	GlobalSection(ProjectConfigurationPlatforms) = postSolution
		{9617DC63-FC45-4D58-A08C-FB22E7CFFBA3}.Debug|Any CPU.ActiveCfg = Debug|Any CPU
		{9617DC63-FC45-4D58-A08C-FB22E7CFFBA3}.Debug|Any CPU.Build.0 = Debug|Any CPU
		{9617DC63-FC45-4D58-A08C-FB22E7CFFBA3}.Release|Any CPU.ActiveCfg = Release|Any CPU
		{9617DC63-FC45-4D58-A08C-FB22E7CFFBA3}.Release|Any CPU.Build.0 = Release|Any CPU
		{5A9D8D0D-0821-4877-9723-BCCAF5C4B03D}.Debug|Any CPU.ActiveCfg = Debug|Any CPU
		{5A9D8D0D-0821-4877-9723-BCCAF5C4B03D}.Debug|Any CPU.Build.0 = Debug|Any CPU
		{5A9D8D0D-0821-4877-9723-BCCAF5C4B03D}.Release|Any CPU.ActiveCfg = Release|Any CPU
		{5A9D8D0D-0821-4877-9723-BCCAF5C4B03D}.Release|Any CPU.Build.0 = Release|Any CPU
		{BC17CEDC-8074-4AC0-AC40-74AFC5F64A57}.Debug|Any CPU.ActiveCfg = Debug|Any CPU
		{BC17CEDC-8074-4AC0-AC40-74AFC5F64A57}.Debug|Any CPU.Build.0 = Debug|Any CPU
		{BC17CEDC-8074-4AC0-AC40-74AFC5F64A57}.Release|Any CPU.ActiveCfg = Release|Any CPU
		{BC17CEDC-8074-4AC0-AC40-74AFC5F64A57}.Release|Any CPU.Build.0 = Release|Any CPU
		{0B5AC7D8-C65B-4899-A088-3D55B237F749}.Debug|Any CPU.ActiveCfg = Debug|Any CPU
		{0B5AC7D8-C65B-4899-A088-3D55B237F749}.Debug|Any CPU.Build.0 = Debug|Any CPU
		{0B5AC7D8-C65B-4899-A088-3D55B237F749}.Release|Any CPU.ActiveCfg = Release|Any CPU
		{0B5AC7D8-C65B-4899-A088-3D55B237F749}.Release|Any CPU.Build.0 = Release|Any CPU
		{588673DD-4F9A-445E-A89D-1155C3D893C6}.Debug|Any CPU.ActiveCfg = Debug|Any CPU
		{588673DD-4F9A-445E-A89D-1155C3D893C6}.Debug|Any CPU.Build.0 = Debug|Any CPU
		{588673DD-4F9A-445E-A89D-1155C3D893C6}.Release|Any CPU.ActiveCfg = Release|Any CPU
		{588673DD-4F9A-445E-A89D-1155C3D893C6}.Release|Any CPU.Build.0 = Release|Any CPU
		{A2B4AD5E-E0DF-4707-B1E7-4543B3E41336}.Debug|Any CPU.ActiveCfg = Debug|Any CPU
		{A2B4AD5E-E0DF-4707-B1E7-4543B3E41336}.Debug|Any CPU.Build.0 = Debug|Any CPU
		{A2B4AD5E-E0DF-4707-B1E7-4543B3E41336}.Release|Any CPU.ActiveCfg = Release|Any CPU
		{A2B4AD5E-E0DF-4707-B1E7-4543B3E41336}.Release|Any CPU.Build.0 = Release|Any CPU
	EndGlobalSection
	GlobalSection(SolutionProperties) = preSolution
		HideSolutionNode = FALSE
	EndGlobalSection
	GlobalSection(ExtensibilityGlobals) = postSolution
		SolutionGuid = {7C3B6AD1-8B79-4233-9E71-5959C481AE98}
	EndGlobalSection
EndGlobal
